
Microsoft Visual Studio Solution File, Format Version 12.00
# Visual Studio Version 16
VisualStudioVersion = 16.0.29613.14
MinimumVisualStudioVersion = 10.0.40219.1
Project("{FAE04EC0-301F-11D3-BF4B-00C04F79EFBC}") = "DelaunayVoronoi", "DelaunayVoronoi.csproj", "{0FC94494-D51B-49E9-927D-1F0007C1FEA1}"
EndProject
Global
	GlobalSection(SolutionConfigurationPlatforms) = preSolution
		Debug|Any CPU = Debug|Any CPU
		Release|Any CPU = Release|Any CPU
	EndGlobalSection
	GlobalSection(ProjectConfigurationPlatforms) = postSolution
		{0FC94494-D51B-49E9-927D-1F0007C1FEA1}.Debug|Any CPU.ActiveCfg = Debug|Any CPU
		{0FC94494-D51B-49E9-927D-1F0007C1FEA1}.Debug|Any CPU.Build.0 = Debug|Any CPU
		{0FC94494-D51B-49E9-927D-1F0007C1FEA1}.Release|Any CPU.ActiveCfg = Release|Any CPU
		{0FC94494-D51B-49E9-927D-1F0007C1FEA1}.Release|Any CPU.Build.0 = Release|Any CPU
	EndGlobalSection
	GlobalSection(SolutionProperties) = preSolution
		HideSolutionNode = FALSE
	EndGlobalSection
	GlobalSection(ExtensibilityGlobals) = postSolution
		SolutionGuid = {7B924A83-9B0D-483F-9773-5541EC31058F}
	EndGlobalSection
EndGlobal
